
Microsoft Visual Studio Solution File, Format Version 12.00
# Visual Studio 14
VisualStudioVersion = 14.0.25420.1
MinimumVisualStudioVersion = 10.0.40219.1
Project("{F184B08F-C81C-45F6-A57F-5ABD9991F28F}") = "CoinTracer", "CoinTracer\CoinTracer.vbproj", "{B24C3E95-A85E-49FC-8E75-84652E08F24A}"
EndProject
Project("{2150E333-8FDC-42A3-9474-1A3956D46DE8}") = ".nuget", ".nuget", "{F101AA01-732F-4A8E-AE07-FFBC550C204C}"
	ProjectSection(SolutionItems) = preProject
		.nuget\packages.config = .nuget\packages.config
	EndProjectSection
EndProject
Project("{F184B08F-C81C-45F6-A57F-5ABD9991F28F}") = "CoinTracerTests", "CoinTracerTests\CoinTracerTests.vbproj", "{6B1D4E4F-82C6-4A3F-95C6-EA1EE2C0C3CB}"
EndProject
Global
	GlobalSection(SolutionConfigurationPlatforms) = preSolution
		Debug|Any CPU = Debug|Any CPU
		Release|Any CPU = Release|Any CPU
	EndGlobalSection
	GlobalSection(ProjectConfigurationPlatforms) = postSolution
		{B24C3E95-A85E-49FC-8E75-84652E08F24A}.Debug|Any CPU.ActiveCfg = Debug|Any CPU
		{B24C3E95-A85E-49FC-8E75-84652E08F24A}.Debug|Any CPU.Build.0 = Debug|Any CPU
		{B24C3E95-A85E-49FC-8E75-84652E08F24A}.Release|Any CPU.ActiveCfg = Release|Any CPU
		{B24C3E95-A85E-49FC-8E75-84652E08F24A}.Release|Any CPU.Build.0 = Release|Any CPU
		{6B1D4E4F-82C6-4A3F-95C6-EA1EE2C0C3CB}.Debug|Any CPU.ActiveCfg = Debug|Any CPU
		{6B1D4E4F-82C6-4A3F-95C6-EA1EE2C0C3CB}.Debug|Any CPU.Build.0 = Debug|Any CPU
		{6B1D4E4F-82C6-4A3F-95C6-EA1EE2C0C3CB}.Release|Any CPU.ActiveCfg = Release|Any CPU
		{6B1D4E4F-82C6-4A3F-95C6-EA1EE2C0C3CB}.Release|Any CPU.Build.0 = Release|Any CPU
	EndGlobalSection
	GlobalSection(SolutionProperties) = preSolution
		HideSolutionNode = FALSE
	EndGlobalSection
EndGlobal
